
Microsoft Visual Studio Solution File, Format Version 12.00
Project("{FAE04EC0-301F-11D3-BF4B-00C04F79EFBC}") = "image_to_chess_notation", "image_to_chess_notation.csproj", "{567B3A8B-7899-4654-B883-3201B17B12C8}"
EndProject
Global
	GlobalSection(SolutionConfigurationPlatforms) = preSolution
		Debug|Any CPU = Debug|Any CPU
		Release|Any CPU = Release|Any CPU
	EndGlobalSection
	GlobalSection(ProjectConfigurationPlatforms) = postSolution
		{567B3A8B-7899-4654-B883-3201B17B12C8}.Debug|Any CPU.ActiveCfg = Debug|Any CPU
		{567B3A8B-7899-4654-B883-3201B17B12C8}.Debug|Any CPU.Build.0 = Debug|Any CPU
		{567B3A8B-7899-4654-B883-3201B17B12C8}.Release|Any CPU.ActiveCfg = Release|Any CPU
		{567B3A8B-7899-4654-B883-3201B17B12C8}.Release|Any CPU.Build.0 = Release|Any CPU
	EndGlobalSection
EndGlobal
